// !$*UTF8*$!
{
	archiveVersion = 1;
	classes = {
	};
	objectVersion = 55;
	objects = {

/* Begin PBXBuildFile section */
		8500CDC02840E89D0009213E /* ConfigService.swift in Sources */ = {isa = PBXBuildFile; fileRef = 8500CDBF2840E89D0009213E /* ConfigService.swift */; };
		852FC0772840FBBF00E3B7A1 /* UsedCarsService.swift in Sources */ = {isa = PBXBuildFile; fileRef = 852FC0762840FBBF00E3B7A1 /* UsedCarsService.swift */; };
		852FC07B2840FDEE00E3B7A1 /* Networkable.swift in Sources */ = {isa = PBXBuildFile; fileRef = 852FC0792840FDEE00E3B7A1 /* Networkable.swift */; };
		852FC07C2840FDEE00E3B7A1 /* NetworkAPI.swift in Sources */ = {isa = PBXBuildFile; fileRef = 852FC07A2840FDEE00E3B7A1 /* NetworkAPI.swift */; };
		852FC07F28411A7600E3B7A1 /* UsedCar.swift in Sources */ = {isa = PBXBuildFile; fileRef = 852FC07E28411A7600E3B7A1 /* UsedCar.swift */; };
		852FC0812841225000E3B7A1 /* Car.swift in Sources */ = {isa = PBXBuildFile; fileRef = 852FC0802841225000E3B7A1 /* Car.swift */; };
		8568F48C2841367E00D966A7 /* UsedCarRow.swift in Sources */ = {isa = PBXBuildFile; fileRef = 8568F48B2841367E00D966A7 /* UsedCarRow.swift */; };
		8568F48E284136C900D966A7 /* CarPickerView.swift in Sources */ = {isa = PBXBuildFile; fileRef = 8568F48D284136C900D966A7 /* CarPickerView.swift */; };
		8568F491284139FA00D966A7 /* ButtonStyles.swift in Sources */ = {isa = PBXBuildFile; fileRef = 8568F490284139FA00D966A7 /* ButtonStyles.swift */; };
		85CD869C2840D007006CCF53 /* CarsApp.swift in Sources */ = {isa = PBXBuildFile; fileRef = 85CD869B2840D007006CCF53 /* CarsApp.swift */; };
		85CD869E2840D007006CCF53 /* ContentView.swift in Sources */ = {isa = PBXBuildFile; fileRef = 85CD869D2840D007006CCF53 /* ContentView.swift */; };
		85CD86A02840D008006CCF53 /* Assets.xcassets in Resources */ = {isa = PBXBuildFile; fileRef = 85CD869F2840D008006CCF53 /* Assets.xcassets */; };
		85CD86A32840D008006CCF53 /* Preview Assets.xcassets in Resources */ = {isa = PBXBuildFile; fileRef = 85CD86A22840D008006CCF53 /* Preview Assets.xcassets */; };
		85CD86AD2840D009006CCF53 /* CarsTests.swift in Sources */ = {isa = PBXBuildFile; fileRef = 85CD86AC2840D009006CCF53 /* CarsTests.swift */; };
		85CD86B72840D009006CCF53 /* CarsUITests.swift in Sources */ = {isa = PBXBuildFile; fileRef = 85CD86B62840D009006CCF53 /* CarsUITests.swift */; };
		85CD86B92840D009006CCF53 /* CarsUITestsLaunchTests.swift in Sources */ = {isa = PBXBuildFile; fileRef = 85CD86B82840D009006CCF53 /* CarsUITestsLaunchTests.swift */; };
/* End PBXBuildFile section */

/* Begin PBXContainerItemProxy section */
		85CD86A92840D009006CCF53 /* PBXContainerItemProxy */ = {
			isa = PBXContainerItemProxy;
			containerPortal = 85CD86902840D007006CCF53 /* Project object */;
			proxyType = 1;
			remoteGlobalIDString = 85CD86972840D007006CCF53;
			remoteInfo = Cars;
		};
		85CD86B32840D009006CCF53 /* PBXContainerItemProxy */ = {
			isa = PBXContainerItemProxy;
			containerPortal = 85CD86902840D007006CCF53 /* Project object */;
			proxyType = 1;
			remoteGlobalIDString = 85CD86972840D007006CCF53;
			remoteInfo = Cars;
		};
/* End PBXContainerItemProxy section */

/* Begin PBXFileReference section */
		8500CDBF2840E89D0009213E /* ConfigService.swift */ = {isa = PBXFileReference; lastKnownFileType = sourcecode.swift; path = ConfigService.swift; sourceTree = "<group>"; };
		852FC0762840FBBF00E3B7A1 /* UsedCarsService.swift */ = {isa = PBXFileReference; lastKnownFileType = sourcecode.swift; path = UsedCarsService.swift; sourceTree = "<group>"; };
		852FC0792840FDEE00E3B7A1 /* Networkable.swift */ = {isa = PBXFileReference; fileEncoding = 4; lastKnownFileType = sourcecode.swift; path = Networkable.swift; sourceTree = "<group>"; };
		852FC07A2840FDEE00E3B7A1 /* NetworkAPI.swift */ = {isa = PBXFileReference; fileEncoding = 4; lastKnownFileType = sourcecode.swift; path = NetworkAPI.swift; sourceTree = "<group>"; };
		852FC07E28411A7600E3B7A1 /* UsedCar.swift */ = {isa = PBXFileReference; lastKnownFileType = sourcecode.swift; path = UsedCar.swift; sourceTree = "<group>"; };
		852FC0802841225000E3B7A1 /* Car.swift */ = {isa = PBXFileReference; lastKnownFileType = sourcecode.swift; path = Car.swift; sourceTree = "<group>"; };
		8568F48B2841367E00D966A7 /* UsedCarRow.swift */ = {isa = PBXFileReference; lastKnownFileType = sourcecode.swift; path = UsedCarRow.swift; sourceTree = "<group>"; };
		8568F48D284136C900D966A7 /* CarPickerView.swift */ = {isa = PBXFileReference; lastKnownFileType = sourcecode.swift; path = CarPickerView.swift; sourceTree = "<group>"; };
		8568F490284139FA00D966A7 /* ButtonStyles.swift */ = {isa = PBXFileReference; fileEncoding = 4; lastKnownFileType = sourcecode.swift; path = ButtonStyles.swift; sourceTree = "<group>"; };
		8568F49228413B7F00D966A7 /* README.md */ = {isa = PBXFileReference; lastKnownFileType = net.daringfireball.markdown; path = README.md; sourceTree = "<group>"; };
		85CD86982840D007006CCF53 /* Cars.app */ = {isa = PBXFileReference; explicitFileType = wrapper.application; includeInIndex = 0; path = Cars.app; sourceTree = BUILT_PRODUCTS_DIR; };
		85CD869B2840D007006CCF53 /* CarsApp.swift */ = {isa = PBXFileReference; lastKnownFileType = sourcecode.swift; path = CarsApp.swift; sourceTree = "<group>"; };
		85CD869D2840D007006CCF53 /* ContentView.swift */ = {isa = PBXFileReference; lastKnownFileType = sourcecode.swift; path = ContentView.swift; sourceTree = "<group>"; };
		85CD869F2840D008006CCF53 /* Assets.xcassets */ = {isa = PBXFileReference; lastKnownFileType = folder.assetcatalog; path = Assets.xcassets; sourceTree = "<group>"; };
		85CD86A22840D008006CCF53 /* Preview Assets.xcassets */ = {isa = PBXFileReference; lastKnownFileType = folder.assetcatalog; path = "Preview Assets.xcassets"; sourceTree = "<group>"; };
		85CD86A82840D009006CCF53 /* CarsTests.xctest */ = {isa = PBXFileReference; explicitFileType = wrapper.cfbundle; includeInIndex = 0; path = CarsTests.xctest; sourceTree = BUILT_PRODUCTS_DIR; };
		85CD86AC2840D009006CCF53 /* CarsTests.swift */ = {isa = PBXFileReference; lastKnownFileType = sourcecode.swift; path = CarsTests.swift; sourceTree = "<group>"; };
		85CD86B22840D009006CCF53 /* CarsUITests.xctest */ = {isa = PBXFileReference; explicitFileType = wrapper.cfbundle; includeInIndex = 0; path = CarsUITests.xctest; sourceTree = BUILT_PRODUCTS_DIR; };
		85CD86B62840D009006CCF53 /* CarsUITests.swift */ = {isa = PBXFileReference; lastKnownFileType = sourcecode.swift; path = CarsUITests.swift; sourceTree = "<group>"; };
		85CD86B82840D009006CCF53 /* CarsUITestsLaunchTests.swift */ = {isa = PBXFileReference; lastKnownFileType = sourcecode.swift; path = CarsUITestsLaunchTests.swift; sourceTree = "<group>"; };
/* End PBXFileReference section */

/* Begin PBXFrameworksBuildPhase section */
		85CD86952840D007006CCF53 /* Frameworks */ = {
			isa = PBXFrameworksBuildPhase;
			buildActionMask = 2147483647;
			files = (
			);
			runOnlyForDeploymentPostprocessing = 0;
		};
		85CD86A52840D009006CCF53 /* Frameworks */ = {
			isa = PBXFrameworksBuildPhase;
			buildActionMask = 2147483647;
			files = (
			);
			runOnlyForDeploymentPostprocessing = 0;
		};
		85CD86AF2840D009006CCF53 /* Frameworks */ = {
			isa = PBXFrameworksBuildPhase;
			buildActionMask = 2147483647;
			files = (
			);
			runOnlyForDeploymentPostprocessing = 0;
		};
/* End PBXFrameworksBuildPhase section */

/* Begin PBXGroup section */
		8500CDBE2840E8740009213E /* Services */ = {
			isa = PBXGroup;
			children = (
				8500CDBF2840E89D0009213E /* ConfigService.swift */,
				852FC0762840FBBF00E3B7A1 /* UsedCarsService.swift */,
			);
			path = Services;
			sourceTree = "<group>";
		};
		852FC0782840FDD700E3B7A1 /* Network */ = {
			isa = PBXGroup;
			children = (
				852FC0792840FDEE00E3B7A1 /* Networkable.swift */,
				852FC07A2840FDEE00E3B7A1 /* NetworkAPI.swift */,
			);
			path = Network;
			sourceTree = "<group>";
		};
		852FC07D28411A5C00E3B7A1 /* Models */ = {
			isa = PBXGroup;
			children = (
				852FC07E28411A7600E3B7A1 /* UsedCar.swift */,
				852FC0802841225000E3B7A1 /* Car.swift */,
			);
			path = Models;
			sourceTree = "<group>";
		};
		8568F48F284139EF00D966A7 /* Styles */ = {
			isa = PBXGroup;
			children = (
				8568F490284139FA00D966A7 /* ButtonStyles.swift */,
			);
			path = Styles;
			sourceTree = "<group>";
		};
		85CD868F2840D007006CCF53 = {
			isa = PBXGroup;
			children = (
				8568F49228413B7F00D966A7 /* README.md */,
				85CD869A2840D007006CCF53 /* Cars */,
				85CD86AB2840D009006CCF53 /* CarsTests */,
				85CD86B52840D009006CCF53 /* CarsUITests */,
				85CD86992840D007006CCF53 /* Products */,
			);
			sourceTree = "<group>";
		};
		85CD86992840D007006CCF53 /* Products */ = {
			isa = PBXGroup;
			children = (
				85CD86982840D007006CCF53 /* Cars.app */,
				85CD86A82840D009006CCF53 /* CarsTests.xctest */,
				85CD86B22840D009006CCF53 /* CarsUITests.xctest */,
			);
			name = Products;
			sourceTree = "<group>";
		};
		85CD869A2840D007006CCF53 /* Cars */ = {
			isa = PBXGroup;
			children = (
				85CD869B2840D007006CCF53 /* CarsApp.swift */,
				8568F48F284139EF00D966A7 /* Styles */,
				85CD86C52840D0D5006CCF53 /* Views */,
				8500CDBE2840E8740009213E /* Services */,
				852FC0782840FDD700E3B7A1 /* Network */,
				852FC07D28411A5C00E3B7A1 /* Models */,
				85CD869F2840D008006CCF53 /* Assets.xcassets */,
				85CD86A12840D008006CCF53 /* Preview Content */,
			);
			path = Cars;
			sourceTree = "<group>";
		};
		85CD86A12840D008006CCF53 /* Preview Content */ = {
			isa = PBXGroup;
			children = (
				85CD86A22840D008006CCF53 /* Preview Assets.xcassets */,
			);
			path = "Preview Content";
			sourceTree = "<group>";
		};
		85CD86AB2840D009006CCF53 /* CarsTests */ = {
			isa = PBXGroup;
			children = (
				85CD86AC2840D009006CCF53 /* CarsTests.swift */,
			);
			path = CarsTests;
			sourceTree = "<group>";
		};
		85CD86B52840D009006CCF53 /* CarsUITests */ = {
			isa = PBXGroup;
			children = (
				85CD86B62840D009006CCF53 /* CarsUITests.swift */,
				85CD86B82840D009006CCF53 /* CarsUITestsLaunchTests.swift */,
			);
			path = CarsUITests;
			sourceTree = "<group>";
		};
		85CD86C52840D0D5006CCF53 /* Views */ = {
			isa = PBXGroup;
			children = (
				85CD869D2840D007006CCF53 /* ContentView.swift */,
				8568F48B2841367E00D966A7 /* UsedCarRow.swift */,
				8568F48D284136C900D966A7 /* CarPickerView.swift */,
			);
			path = Views;
			sourceTree = "<group>";
		};
/* End PBXGroup section */

/* Begin PBXNativeTarget section */
		85CD86972840D007006CCF53 /* Cars */ = {
			isa = PBXNativeTarget;
			buildConfigurationList = 85CD86BC2840D009006CCF53 /* Build configuration list for PBXNativeTarget "Cars" */;
			buildPhases = (
				85CD86942840D007006CCF53 /* Sources */,
				85CD86952840D007006CCF53 /* Frameworks */,
				85CD86962840D007006CCF53 /* Resources */,
			);
			buildRules = (
			);
			dependencies = (
			);
			name = Cars;
			productName = Cars;
			productReference = 85CD86982840D007006CCF53 /* Cars.app */;
			productType = "com.apple.product-type.application";
		};
		85CD86A72840D009006CCF53 /* CarsTests */ = {
			isa = PBXNativeTarget;
			buildConfigurationList = 85CD86BF2840D009006CCF53 /* Build configuration list for PBXNativeTarget "CarsTests" */;
			buildPhases = (
				85CD86A42840D009006CCF53 /* Sources */,
				85CD86A52840D009006CCF53 /* Frameworks */,
				85CD86A62840D009006CCF53 /* Resources */,
			);
			buildRules = (
			);
			dependencies = (
				85CD86AA2840D009006CCF53 /* PBXTargetDependency */,
			);
			name = CarsTests;
			productName = CarsTests;
			productReference = 85CD86A82840D009006CCF53 /* CarsTests.xctest */;
			productType = "com.apple.product-type.bundle.unit-test";
		};
		85CD86B12840D009006CCF53 /* CarsUITests */ = {
			isa = PBXNativeTarget;
			buildConfigurationList = 85CD86C22840D009006CCF53 /* Build configuration list for PBXNativeTarget "CarsUITests" */;
			buildPhases = (
				85CD86AE2840D009006CCF53 /* Sources */,
				85CD86AF2840D009006CCF53 /* Frameworks */,
				85CD86B02840D009006CCF53 /* Resources */,
			);
			buildRules = (
			);
			dependencies = (
				85CD86B42840D009006CCF53 /* PBXTargetDependency */,
			);
			name = CarsUITests;
			productName = CarsUITests;
			productReference = 85CD86B22840D009006CCF53 /* CarsUITests.xctest */;
			productType = "com.apple.product-type.bundle.ui-testing";
		};
/* End PBXNativeTarget section */

/* Begin PBXProject section */
		85CD86902840D007006CCF53 /* Project object */ = {
			isa = PBXProject;
			attributes = {
				BuildIndependentTargetsInParallel = 1;
				LastSwiftUpdateCheck = 1340;
				LastUpgradeCheck = 1340;
				TargetAttributes = {
					85CD86972840D007006CCF53 = {
						CreatedOnToolsVersion = 13.4;
					};
					85CD86A72840D009006CCF53 = {
						CreatedOnToolsVersion = 13.4;
						TestTargetID = 85CD86972840D007006CCF53;
					};
					85CD86B12840D009006CCF53 = {
						CreatedOnToolsVersion = 13.4;
						TestTargetID = 85CD86972840D007006CCF53;
					};
				};
			};
			buildConfigurationList = 85CD86932840D007006CCF53 /* Build configuration list for PBXProject "Cars" */;
			compatibilityVersion = "Xcode 13.0";
			developmentRegion = en;
			hasScannedForEncodings = 0;
			knownRegions = (
				en,
				Base,
			);
			mainGroup = 85CD868F2840D007006CCF53;
			productRefGroup = 85CD86992840D007006CCF53 /* Products */;
			projectDirPath = "";
			projectRoot = "";
			targets = (
				85CD86972840D007006CCF53 /* Cars */,
				85CD86A72840D009006CCF53 /* CarsTests */,
				85CD86B12840D009006CCF53 /* CarsUITests */,
			);
		};
/* End PBXProject section */

/* Begin PBXResourcesBuildPhase section */
		85CD86962840D007006CCF53 /* Resources */ = {
			isa = PBXResourcesBuildPhase;
			buildActionMask = 2147483647;
			files = (
				85CD86A32840D008006CCF53 /* Preview Assets.xcassets in Resources */,
				85CD86A02840D008006CCF53 /* Assets.xcassets in Resources */,
			);
			runOnlyForDeploymentPostprocessing = 0;
		};
		85CD86A62840D009006CCF53 /* Resources */ = {
			isa = PBXResourcesBuildPhase;
			buildActionMask = 2147483647;
			files = (
			);
			runOnlyForDeploymentPostprocessing = 0;
		};
		85CD86B02840D009006CCF53 /* Resources */ = {
			isa = PBXResourcesBuildPhase;
			buildActionMask = 2147483647;
			files = (
			);
			runOnlyForDeploymentPostprocessing = 0;
		};
/* End PBXResourcesBuildPhase section */

/* Begin PBXSourcesBuildPhase section */
		85CD86942840D007006CCF53 /* Sources */ = {
			isa = PBXSourcesBuildPhase;
			buildActionMask = 2147483647;
			files = (
				8568F491284139FA00D966A7 /* ButtonStyles.swift in Sources */,
				8568F48C2841367E00D966A7 /* UsedCarRow.swift in Sources */,
				8500CDC02840E89D0009213E /* ConfigService.swift in Sources */,
				85CD869E2840D007006CCF53 /* ContentView.swift in Sources */,
				8568F48E284136C900D966A7 /* CarPickerView.swift in Sources */,
				852FC0812841225000E3B7A1 /* Car.swift in Sources */,
				85CD869C2840D007006CCF53 /* CarsApp.swift in Sources */,
				852FC07B2840FDEE00E3B7A1 /* Networkable.swift in Sources */,
				852FC07F28411A7600E3B7A1 /* UsedCar.swift in Sources */,
				852FC0772840FBBF00E3B7A1 /* UsedCarsService.swift in Sources */,
				852FC07C2840FDEE00E3B7A1 /* NetworkAPI.swift in Sources */,
			);
			runOnlyForDeploymentPostprocessing = 0;
		};
		85CD86A42840D009006CCF53 /* Sources */ = {
			isa = PBXSourcesBuildPhase;
			buildActionMask = 2147483647;
			files = (
				85CD86AD2840D009006CCF53 /* CarsTests.swift in Sources */,
			);
			runOnlyForDeploymentPostprocessing = 0;
		};
		85CD86AE2840D009006CCF53 /* Sources */ = {
			isa = PBXSourcesBuildPhase;
			buildActionMask = 2147483647;
			files = (
				85CD86B72840D009006CCF53 /* CarsUITests.swift in Sources */,
				85CD86B92840D009006CCF53 /* CarsUITestsLaunchTests.swift in Sources */,
			);
			runOnlyForDeploymentPostprocessing = 0;
		};
/* End PBXSourcesBuildPhase section */

/* Begin PBXTargetDependency section */
		85CD86AA2840D009006CCF53 /* PBXTargetDependency */ = {
			isa = PBXTargetDependency;
			target = 85CD86972840D007006CCF53 /* Cars */;
			targetProxy = 85CD86A92840D009006CCF53 /* PBXContainerItemProxy */;
		};
		85CD86B42840D009006CCF53 /* PBXTargetDependency */ = {
			isa = PBXTargetDependency;
			target = 85CD86972840D007006CCF53 /* Cars */;
			targetProxy = 85CD86B32840D009006CCF53 /* PBXContainerItemProxy */;
		};
/* End PBXTargetDependency section */

/* Begin XCBuildConfiguration section */
		85CD86BA2840D009006CCF53 /* Debug */ = {
			isa = XCBuildConfiguration;
			buildSettings = {
				ALWAYS_SEARCH_USER_PATHS = NO;
				CLANG_ANALYZER_NONNULL = YES;
				CLANG_ANALYZER_NUMBER_OBJECT_CONVERSION = YES_AGGRESSIVE;
				CLANG_CXX_LANGUAGE_STANDARD = "gnu++17";
				CLANG_ENABLE_MODULES = YES;
				CLANG_ENABLE_OBJC_ARC = YES;
				CLANG_ENABLE_OBJC_WEAK = YES;
				CLANG_WARN_BLOCK_CAPTURE_AUTORELEASING = YES;
				CLANG_WARN_BOOL_CONVERSION = YES;
				CLANG_WARN_COMMA = YES;
				CLANG_WARN_CONSTANT_CONVERSION = YES;
				CLANG_WARN_DEPRECATED_OBJC_IMPLEMENTATIONS = YES;
				CLANG_WARN_DIRECT_OBJC_ISA_USAGE = YES_ERROR;
				CLANG_WARN_DOCUMENTATION_COMMENTS = YES;
				CLANG_WARN_EMPTY_BODY = YES;
				CLANG_WARN_ENUM_CONVERSION = YES;
				CLANG_WARN_INFINITE_RECURSION = YES;
				CLANG_WARN_INT_CONVERSION = YES;
				CLANG_WARN_NON_LITERAL_NULL_CONVERSION = YES;
				CLANG_WARN_OBJC_IMPLICIT_RETAIN_SELF = YES;
				CLANG_WARN_OBJC_LITERAL_CONVERSION = YES;
				CLANG_WARN_OBJC_ROOT_CLASS = YES_ERROR;
				CLANG_WARN_QUOTED_INCLUDE_IN_FRAMEWORK_HEADER = YES;
				CLANG_WARN_RANGE_LOOP_ANALYSIS = YES;
				CLANG_WARN_STRICT_PROTOTYPES = YES;
				CLANG_WARN_SUSPICIOUS_MOVE = YES;
				CLANG_WARN_UNGUARDED_AVAILABILITY = YES_AGGRESSIVE;
				CLANG_WARN_UNREACHABLE_CODE = YES;
				CLANG_WARN__DUPLICATE_METHOD_MATCH = YES;
				COPY_PHASE_STRIP = NO;
				DEBUG_INFORMATION_FORMAT = dwarf;
				ENABLE_STRICT_OBJC_MSGSEND = YES;
				ENABLE_TESTABILITY = YES;
				GCC_C_LANGUAGE_STANDARD = gnu11;
				GCC_DYNAMIC_NO_PIC = NO;
				GCC_NO_COMMON_BLOCKS = YES;
				GCC_OPTIMIZATION_LEVEL = 0;
				GCC_PREPROCESSOR_DEFINITIONS = (
					"DEBUG=1",
					"$(inherited)",
				);
				GCC_WARN_64_TO_32_BIT_CONVERSION = YES;
				GCC_WARN_ABOUT_RETURN_TYPE = YES_ERROR;
				GCC_WARN_UNDECLARED_SELECTOR = YES;
				GCC_WARN_UNINITIALIZED_AUTOS = YES_AGGRESSIVE;
				GCC_WARN_UNUSED_FUNCTION = YES;
				GCC_WARN_UNUSED_VARIABLE = YES;
				IPHONEOS_DEPLOYMENT_TARGET = 15.0;
				MTL_ENABLE_DEBUG_INFO = INCLUDE_SOURCE;
				MTL_FAST_MATH = YES;
				ONLY_ACTIVE_ARCH = YES;
				SDKROOT = iphoneos;
				SWIFT_ACTIVE_COMPILATION_CONDITIONS = DEBUG;
				SWIFT_OPTIMIZATION_LEVEL = "-Onone";
			};
			name = Debug;
		};
		85CD86BB2840D009006CCF53 /* Release */ = {
			isa = XCBuildConfiguration;
			buildSettings = {
				ALWAYS_SEARCH_USER_PATHS = NO;
				CLANG_ANALYZER_NONNULL = YES;
				CLANG_ANALYZER_NUMBER_OBJECT_CONVERSION = YES_AGGRESSIVE;
				CLANG_CXX_LANGUAGE_STANDARD = "gnu++17";
				CLANG_ENABLE_MODULES = YES;
				CLANG_ENABLE_OBJC_ARC = YES;
				CLANG_ENABLE_OBJC_WEAK = YES;
				CLANG_WARN_BLOCK_CAPTURE_AUTORELEASING = YES;
				CLANG_WARN_BOOL_CONVERSION = YES;
				CLANG_WARN_COMMA = YES;
				CLANG_WARN_CONSTANT_CONVERSION = YES;
				CLANG_WARN_DEPRECATED_OBJC_IMPLEMENTATIONS = YES;
				CLANG_WARN_DIRECT_OBJC_ISA_USAGE = YES_ERROR;
				CLANG_WARN_DOCUMENTATION_COMMENTS = YES;
				CLANG_WARN_EMPTY_BODY = YES;
				CLANG_WARN_ENUM_CONVERSION = YES;
				CLANG_WARN_INFINITE_RECURSION = YES;
				CLANG_WARN_INT_CONVERSION = YES;
				CLANG_WARN_NON_LITERAL_NULL_CONVERSION = YES;
				CLANG_WARN_OBJC_IMPLICIT_RETAIN_SELF = YES;
				CLANG_WARN_OBJC_LITERAL_CONVERSION = YES;
				CLANG_WARN_OBJC_ROOT_CLASS = YES_ERROR;
				CLANG_WARN_QUOTED_INCLUDE_IN_FRAMEWORK_HEADER = YES;
				CLANG_WARN_RANGE_LOOP_ANALYSIS = YES;
				CLANG_WARN_STRICT_PROTOTYPES = YES;
				CLANG_WARN_SUSPICIOUS_MOVE = YES;
				CLANG_WARN_UNGUARDED_AVAILABILITY = YES_AGGRESSIVE;
				CLANG_WARN_UNREACHABLE_CODE = YES;
				CLANG_WARN__DUPLICATE_METHOD_MATCH = YES;
				COPY_PHASE_STRIP = NO;
				DEBUG_INFORMATION_FORMAT = "dwarf-with-dsym";
				ENABLE_NS_ASSERTIONS = NO;
				ENABLE_STRICT_OBJC_MSGSEND = YES;
				GCC_C_LANGUAGE_STANDARD = gnu11;
				GCC_NO_COMMON_BLOCKS = YES;
				GCC_WARN_64_TO_32_BIT_CONVERSION = YES;
				GCC_WARN_ABOUT_RETURN_TYPE = YES_ERROR;
				GCC_WARN_UNDECLARED_SELECTOR = YES;
				GCC_WARN_UNINITIALIZED_AUTOS = YES_AGGRESSIVE;
				GCC_WARN_UNUSED_FUNCTION = YES;
				GCC_WARN_UNUSED_VARIABLE = YES;
				IPHONEOS_DEPLOYMENT_TARGET = 15.0;
				MTL_ENABLE_DEBUG_INFO = NO;
				MTL_FAST_MATH = YES;
				SDKROOT = iphoneos;
				SWIFT_COMPILATION_MODE = wholemodule;
				SWIFT_OPTIMIZATION_LEVEL = "-O";
				VALIDATE_PRODUCT = YES;
			};
			name = Release;
		};
		85CD86BD2840D009006CCF53 /* Debug */ = {
			isa = XCBuildConfiguration;
			buildSettings = {
				ASSETCATALOG_COMPILER_APPICON_NAME = AppIcon;
				ASSETCATALOG_COMPILER_GLOBAL_ACCENT_COLOR_NAME = AccentColor;
				CODE_SIGN_STYLE = Automatic;
				CURRENT_PROJECT_VERSION = 1;
				DEVELOPMENT_ASSET_PATHS = "\"Cars/Preview Content\"";
				DEVELOPMENT_TEAM = 3KW439Q8LQ;
				ENABLE_PREVIEWS = YES;
				GENERATE_INFOPLIST_FILE = YES;
				INFOPLIST_KEY_UIApplicationSceneManifest_Generation = YES;
				INFOPLIST_KEY_UIApplicationSupportsIndirectInputEvents = YES;
				INFOPLIST_KEY_UILaunchScreen_Generation = YES;
				INFOPLIST_KEY_UISupportedInterfaceOrientations_iPad = "UIInterfaceOrientationPortrait UIInterfaceOrientationPortraitUpsideDown UIInterfaceOrientationLandscapeLeft UIInterfaceOrientationLandscapeRight";
				INFOPLIST_KEY_UISupportedInterfaceOrientations_iPhone = "UIInterfaceOrientationPortrait UIInterfaceOrientationLandscapeLeft UIInterfaceOrientationLandscapeRight";
				LD_RUNPATH_SEARCH_PATHS = (
					"$(inherited)",
					"@executable_path/Frameworks",
				);
				MARKETING_VERSION = 1.0;
				PRODUCT_BUNDLE_IDENTIFIER = com.bigfeetproductions.Cars;
				PRODUCT_NAME = "$(TARGET_NAME)";
				SWIFT_EMIT_LOC_STRINGS = YES;
				SWIFT_VERSION = 5.0;
				TARGETED_DEVICE_FAMILY = "1,2";
			};
			name = Debug;
		};
		85CD86BE2840D009006CCF53 /* Release */ = {
			isa = XCBuildConfiguration;
			buildSettings = {
				ASSETCATALOG_COMPILER_APPICON_NAME = AppIcon;
				ASSETCATALOG_COMPILER_GLOBAL_ACCENT_COLOR_NAME = AccentColor;
				CODE_SIGN_STYLE = Automatic;
				CURRENT_PROJECT_VERSION = 1;
				DEVELOPMENT_ASSET_PATHS = "\"Cars/Preview Content\"";
				DEVELOPMENT_TEAM = 3KW439Q8LQ;
				ENABLE_PREVIEWS = YES;
				GENERATE_INFOPLIST_FILE = YES;
				INFOPLIST_KEY_UIApplicationSceneManifest_Generation = YES;
				INFOPLIST_KEY_UIApplicationSupportsIndirectInputEvents = YES;
				INFOPLIST_KEY_UILaunchScreen_Generation = YES;
				INFOPLIST_KEY_UISupportedInterfaceOrientations_iPad = "UIInterfaceOrientationPortrait UIInterfaceOrientationPortraitUpsideDown UIInterfaceOrientationLandscapeLeft UIInterfaceOrientationLandscapeRight";
				INFOPLIST_KEY_UISupportedInterfaceOrientations_iPhone = "UIInterfaceOrientationPortrait UIInterfaceOrientationLandscapeLeft UIInterfaceOrientationLandscapeRight";
				LD_RUNPATH_SEARCH_PATHS = (
					"$(inherited)",
					"@executable_path/Frameworks",
				);
				MARKETING_VERSION = 1.0;
				PRODUCT_BUNDLE_IDENTIFIER = com.bigfeetproductions.Cars;
				PRODUCT_NAME = "$(TARGET_NAME)";
				SWIFT_EMIT_LOC_STRINGS = YES;
				SWIFT_VERSION = 5.0;
				TARGETED_DEVICE_FAMILY = "1,2";
			};
			name = Release;
		};
		85CD86C02840D009006CCF53 /* Debug */ = {
			isa = XCBuildConfiguration;
			buildSettings = {
				ALWAYS_EMBED_SWIFT_STANDARD_LIBRARIES = YES;
				BUNDLE_LOADER = "$(TEST_HOST)";
				CODE_SIGN_STYLE = Automatic;
				CURRENT_PROJECT_VERSION = 1;
				DEVELOPMENT_TEAM = 3KW439Q8LQ;
				GENERATE_INFOPLIST_FILE = YES;
				IPHONEOS_DEPLOYMENT_TARGET = 15.5;
				MARKETING_VERSION = 1.0;
				PRODUCT_BUNDLE_IDENTIFIER = com.bigfeetproductions.CarsTests;
				PRODUCT_NAME = "$(TARGET_NAME)";
				SWIFT_EMIT_LOC_STRINGS = NO;
				SWIFT_VERSION = 5.0;
				TARGETED_DEVICE_FAMILY = "1,2";
				TEST_HOST = "$(BUILT_PRODUCTS_DIR)/Cars.app/Cars";
			};
			name = Debug;
		};
		85CD86C12840D009006CCF53 /* Release */ = {
			isa = XCBuildConfiguration;
			buildSettings = {
				ALWAYS_EMBED_SWIFT_STANDARD_LIBRARIES = YES;
				BUNDLE_LOADER = "$(TEST_HOST)";
				CODE_SIGN_STYLE = Automatic;
				CURRENT_PROJECT_VERSION = 1;
				DEVELOPMENT_TEAM = 3KW439Q8LQ;
				GENERATE_INFOPLIST_FILE = YES;
				IPHONEOS_DEPLOYMENT_TARGET = 15.5;
				MARKETING_VERSION = 1.0;
				PRODUCT_BUNDLE_IDENTIFIER = com.bigfeetproductions.CarsTests;
				PRODUCT_NAME = "$(TARGET_NAME)";
				SWIFT_EMIT_LOC_STRINGS = NO;
				SWIFT_VERSION = 5.0;
				TARGETED_DEVICE_FAMILY = "1,2";
				TEST_HOST = "$(BUILT_PRODUCTS_DIR)/Cars.app/Cars";
			};
			name = Release;
		};
		85CD86C32840D009006CCF53 /* Debug */ = {
			isa = XCBuildConfiguration;
			buildSettings = {
				ALWAYS_EMBED_SWIFT_STANDARD_LIBRARIES = YES;
				CODE_SIGN_STYLE = Automatic;
				CURRENT_PROJECT_VERSION = 1;
				DEVELOPMENT_TEAM = 3KW439Q8LQ;
				GENERATE_INFOPLIST_FILE = YES;
				MARKETING_VERSION = 1.0;
				PRODUCT_BUNDLE_IDENTIFIER = com.bigfeetproductions.CarsUITests;
				PRODUCT_NAME = "$(TARGET_NAME)";
				SWIFT_EMIT_LOC_STRINGS = NO;
				SWIFT_VERSION = 5.0;
				TARGETED_DEVICE_FAMILY = "1,2";
				TEST_TARGET_NAME = Cars;
			};
			name = Debug;
		};
		85CD86C42840D009006CCF53 /* Release */ = {
			isa = XCBuildConfiguration;
			buildSettings = {
				ALWAYS_EMBED_SWIFT_STANDARD_LIBRARIES = YES;
				CODE_SIGN_STYLE = Automatic;
				CURRENT_PROJECT_VERSION = 1;
				DEVELOPMENT_TEAM = 3KW439Q8LQ;
				GENERATE_INFOPLIST_FILE = YES;
				MARKETING_VERSION = 1.0;
				PRODUCT_BUNDLE_IDENTIFIER = com.bigfeetproductions.CarsUITests;
				PRODUCT_NAME = "$(TARGET_NAME)";
				SWIFT_EMIT_LOC_STRINGS = NO;
				SWIFT_VERSION = 5.0;
				TARGETED_DEVICE_FAMILY = "1,2";
				TEST_TARGET_NAME = Cars;
			};
			name = Release;
		};
/* End XCBuildConfiguration section */

/* Begin XCConfigurationList section */
		85CD86932840D007006CCF53 /* Build configuration list for PBXProject "Cars" */ = {
			isa = XCConfigurationList;
			buildConfigurations = (
				85CD86BA2840D009006CCF53 /* Debug */,
				85CD86BB2840D009006CCF53 /* Release */,
			);
			defaultConfigurationIsVisible = 0;
			defaultConfigurationName = Release;
		};
		85CD86BC2840D009006CCF53 /* Build configuration list for PBXNativeTarget "Cars" */ = {
			isa = XCConfigurationList;
			buildConfigurations = (
				85CD86BD2840D009006CCF53 /* Debug */,
				85CD86BE2840D009006CCF53 /* Release */,
			);
			defaultConfigurationIsVisible = 0;
			defaultConfigurationName = Release;
		};
		85CD86BF2840D009006CCF53 /* Build configuration list for PBXNativeTarget "CarsTests" */ = {
			isa = XCConfigurationList;
			buildConfigurations = (
				85CD86C02840D009006CCF53 /* Debug */,
				85CD86C12840D009006CCF53 /* Release */,
			);
			defaultConfigurationIsVisible = 0;
			defaultConfigurationName = Release;
		};
		85CD86C22840D009006CCF53 /* Build configuration list for PBXNativeTarget "CarsUITests" */ = {
			isa = XCConfigurationList;
			buildConfigurations = (
				85CD86C32840D009006CCF53 /* Debug */,
				85CD86C42840D009006CCF53 /* Release */,
			);
			defaultConfigurationIsVisible = 0;
			defaultConfigurationName = Release;
		};
/* End XCConfigurationList section */
	};
	rootObject = 85CD86902840D007006CCF53 /* Project object */;
}
